
Microsoft Visual Studio Solution File, Format Version 12.00
# Visual Studio Version 16
VisualStudioVersion = 16.0.30907.101
MinimumVisualStudioVersion = 10.0.40219.1
Project("{2150E333-8FDC-42A3-9474-1A3956D46DE8}") = "Data", "Data", "{4296DA5C-7947-4546-871C-2BE74437D977}"
EndProject
Project("{2150E333-8FDC-42A3-9474-1A3956D46DE8}") = "Domain", "Domain", "{6693A15F-D173-486D-AE09-77A33C14E652}"
EndProject
Project("{2150E333-8FDC-42A3-9474-1A3956D46DE8}") = "Presentation", "Presentation", "{744B15FE-FE6E-4695-B94A-158777DA4F6B}"
EndProject
Project("{9A19103F-16F7-4668-BE54-9A1E7A4F7556}") = "TODOList.Data", "TODOList.Data\TODOList.Data.csproj", "{834C1487-83A9-4B53-A183-E02560FBACB9}"
EndProject
Project("{9A19103F-16F7-4668-BE54-9A1E7A4F7556}") = "TODOList.Data.Core", "TODOList.Data.Core\TODOList.Data.Core.csproj", "{C33A13AD-8FC2-4CA2-9D28-D9F9D991819B}"
EndProject
Project("{9A19103F-16F7-4668-BE54-9A1E7A4F7556}") = "TODOList.Data.Services", "TODOList.Data.Services\TODOList.Data.Services.csproj", "{F735F828-474A-48E8-8103-427D8FA7490C}"
EndProject
Project("{9A19103F-16F7-4668-BE54-9A1E7A4F7556}") = "TODOList.Domain", "TODOList.Domain\TODOList.Domain.csproj", "{76E6E646-A80F-4F41-8DB5-86F5832D3C99}"
EndProject
Project("{FAE04EC0-301F-11D3-BF4B-00C04F79EFBC}") = "TODOList.Domain.Services", "TODOList.Domain.Services\TODOList.Domain.Services.csproj", "{5682619C-903C-4D79-8230-70BEC0AC5D09}"
EndProject
Project("{FAE04EC0-301F-11D3-BF4B-00C04F79EFBC}") = "TODOList.Presentation", "TODOList.Presentation\TODOList.Presentation.csproj", "{A7E7F72C-8C03-411C-A74A-CA4090713244}"
EndProject
Global
	GlobalSection(SolutionConfigurationPlatforms) = preSolution
		Debug|Any CPU = Debug|Any CPU
		Release|Any CPU = Release|Any CPU
	EndGlobalSection
	GlobalSection(ProjectConfigurationPlatforms) = postSolution
		{834C1487-83A9-4B53-A183-E02560FBACB9}.Debug|Any CPU.ActiveCfg = Debug|Any CPU
		{834C1487-83A9-4B53-A183-E02560FBACB9}.Debug|Any CPU.Build.0 = Debug|Any CPU
		{834C1487-83A9-4B53-A183-E02560FBACB9}.Release|Any CPU.ActiveCfg = Release|Any CPU
		{834C1487-83A9-4B53-A183-E02560FBACB9}.Release|Any CPU.Build.0 = Release|Any CPU
		{C33A13AD-8FC2-4CA2-9D28-D9F9D991819B}.Debug|Any CPU.ActiveCfg = Debug|Any CPU
		{C33A13AD-8FC2-4CA2-9D28-D9F9D991819B}.Debug|Any CPU.Build.0 = Debug|Any CPU
		{C33A13AD-8FC2-4CA2-9D28-D9F9D991819B}.Release|Any CPU.ActiveCfg = Release|Any CPU
		{C33A13AD-8FC2-4CA2-9D28-D9F9D991819B}.Release|Any CPU.Build.0 = Release|Any CPU
		{F735F828-474A-48E8-8103-427D8FA7490C}.Debug|Any CPU.ActiveCfg = Debug|Any CPU
		{F735F828-474A-48E8-8103-427D8FA7490C}.Debug|Any CPU.Build.0 = Debug|Any CPU
		{F735F828-474A-48E8-8103-427D8FA7490C}.Release|Any CPU.ActiveCfg = Release|Any CPU
		{F735F828-474A-48E8-8103-427D8FA7490C}.Release|Any CPU.Build.0 = Release|Any CPU
		{76E6E646-A80F-4F41-8DB5-86F5832D3C99}.Debug|Any CPU.ActiveCfg = Debug|Any CPU
		{76E6E646-A80F-4F41-8DB5-86F5832D3C99}.Debug|Any CPU.Build.0 = Debug|Any CPU
		{76E6E646-A80F-4F41-8DB5-86F5832D3C99}.Release|Any CPU.ActiveCfg = Release|Any CPU
		{76E6E646-A80F-4F41-8DB5-86F5832D3C99}.Release|Any CPU.Build.0 = Release|Any CPU
		{5682619C-903C-4D79-8230-70BEC0AC5D09}.Debug|Any CPU.ActiveCfg = Debug|Any CPU
		{5682619C-903C-4D79-8230-70BEC0AC5D09}.Debug|Any CPU.Build.0 = Debug|Any CPU
		{5682619C-903C-4D79-8230-70BEC0AC5D09}.Release|Any CPU.ActiveCfg = Release|Any CPU
		{5682619C-903C-4D79-8230-70BEC0AC5D09}.Release|Any CPU.Build.0 = Release|Any CPU
		{A7E7F72C-8C03-411C-A74A-CA4090713244}.Debug|Any CPU.ActiveCfg = Debug|Any CPU
		{A7E7F72C-8C03-411C-A74A-CA4090713244}.Debug|Any CPU.Build.0 = Debug|Any CPU
		{A7E7F72C-8C03-411C-A74A-CA4090713244}.Release|Any CPU.ActiveCfg = Release|Any CPU
		{A7E7F72C-8C03-411C-A74A-CA4090713244}.Release|Any CPU.Build.0 = Release|Any CPU
	EndGlobalSection
	GlobalSection(SolutionProperties) = preSolution
		HideSolutionNode = FALSE
	EndGlobalSection
	GlobalSection(NestedProjects) = preSolution
		{834C1487-83A9-4B53-A183-E02560FBACB9} = {4296DA5C-7947-4546-871C-2BE74437D977}
		{C33A13AD-8FC2-4CA2-9D28-D9F9D991819B} = {4296DA5C-7947-4546-871C-2BE74437D977}
		{F735F828-474A-48E8-8103-427D8FA7490C} = {4296DA5C-7947-4546-871C-2BE74437D977}
		{76E6E646-A80F-4F41-8DB5-86F5832D3C99} = {6693A15F-D173-486D-AE09-77A33C14E652}
		{5682619C-903C-4D79-8230-70BEC0AC5D09} = {6693A15F-D173-486D-AE09-77A33C14E652}
		{A7E7F72C-8C03-411C-A74A-CA4090713244} = {744B15FE-FE6E-4695-B94A-158777DA4F6B}
	EndGlobalSection
	GlobalSection(ExtensibilityGlobals) = postSolution
		SolutionGuid = {E1A1B772-8396-4934-9127-676AEC3DCEE1}
	EndGlobalSection
EndGlobal
